{
  "version": "4",
  "specifiers": {
    "npm:@deno/vite-plugin@1": "1.0.0_vite@5.4.11",
    "npm:@vitejs/plugin-vue@^5.1.4": "5.2.0_vite@5.4.11_vue@3.5.13",
    "npm:axios@^1.7.7": "1.7.7",
    "npm:vite-plugin-vuetify@^2.0.4": "2.0.4_vite@5.4.11_vue@3.5.13_vuetify@3.7.4__vue@3.5.13_vuetify@3.7.4__vue@3.5.13__vite-plugin-vuetify@2.0.4",
    "npm:vite@*": "5.4.11",
    "npm:vite@^5.4.9": "5.4.11",
    "npm:vue@^3.5.12": "3.5.13",
    "npm:vuetify@^3.7.4": "3.7.4_vue@3.5.13"
  },
  "npm": {
    "@babel/helper-string-parser@7.25.9": {
      "integrity": "sha512-4A/SCr/2KLd5jrtOMFzaKjVtAei3+2r/NChoBNoZ3EyP/+GlhoaEGoWOZUmFmoITP7zOJyHIMm+DYRd8o3PvHA=="
    },
    "@babel/helper-validator-identifier@7.25.9": {
      "integrity": "sha512-Ed61U6XJc3CVRfkERJWDz4dJwKe7iLmmJsbOGu9wSloNSFttHV0I8g6UAgb7qnK5ly5bGLPd4oXZlxCdANBOWQ=="
    },
    "@babel/parser@7.26.2": {
      "integrity": "sha512-DWMCZH9WA4Maitz2q21SRKHo9QXZxkDsbNZoVD62gusNtNBBqDg9i7uOhASfTfIGNzW+O+r7+jAlM8dwphcJKQ==",
      "dependencies": [
        "@babel/types"
      ]
    },
    "@babel/types@7.26.0": {
      "integrity": "sha512-Z/yiTPj+lDVnF7lWeKCIJzaIkI0vYO87dMpZ4bg4TDrFe4XXLFWL1TbXU27gBP3QccxV9mZICCrnjnYlJjXHOA==",
      "dependencies": [
        "@babel/helper-string-parser",
        "@babel/helper-validator-identifier"
      ]
    },
    "@deno/vite-plugin@1.0.0_vite@5.4.11": {
      "integrity": "sha512-Q9UeWqs3s7B5lqzu1Z5QrzYAzqTj3+F9YW17tWobGRbT2G40ihwis6zK/+QgMgcG4fm3IqdIfXmpQYhkZpdMfw==",
      "dependencies": [
        "vite"
      ]
    },
    "@esbuild/aix-ppc64@0.21.5": {
      "integrity": "sha512-1SDgH6ZSPTlggy1yI6+Dbkiz8xzpHJEVAlF/AM1tHPLsf5STom9rwtjE4hKAF20FfXXNTFqEYXyJNWh1GiZedQ=="
    },
    "@esbuild/android-arm64@0.21.5": {
      "integrity": "sha512-c0uX9VAUBQ7dTDCjq+wdyGLowMdtR/GoC2U5IYk/7D1H1JYC0qseD7+11iMP2mRLN9RcCMRcjC4YMclCzGwS/A=="
    },
    "@esbuild/android-arm@0.21.5": {
      "integrity": "sha512-vCPvzSjpPHEi1siZdlvAlsPxXl7WbOVUBBAowWug4rJHb68Ox8KualB+1ocNvT5fjv6wpkX6o/iEpbDrf68zcg=="
    },
    "@esbuild/android-x64@0.21.5": {
      "integrity": "sha512-D7aPRUUNHRBwHxzxRvp856rjUHRFW1SdQATKXH2hqA0kAZb1hKmi02OpYRacl0TxIGz/ZmXWlbZgjwWYaCakTA=="
    },
    "@esbuild/darwin-arm64@0.21.5": {
      "integrity": "sha512-DwqXqZyuk5AiWWf3UfLiRDJ5EDd49zg6O9wclZ7kUMv2WRFr4HKjXp/5t8JZ11QbQfUS6/cRCKGwYhtNAY88kQ=="
    },
    "@esbuild/darwin-x64@0.21.5": {
      "integrity": "sha512-se/JjF8NlmKVG4kNIuyWMV/22ZaerB+qaSi5MdrXtd6R08kvs2qCN4C09miupktDitvh8jRFflwGFBQcxZRjbw=="
    },
    "@esbuild/freebsd-arm64@0.21.5": {
      "integrity": "sha512-5JcRxxRDUJLX8JXp/wcBCy3pENnCgBR9bN6JsY4OmhfUtIHe3ZW0mawA7+RDAcMLrMIZaf03NlQiX9DGyB8h4g=="
    },
    "@esbuild/freebsd-x64@0.21.5": {
      "integrity": "sha512-J95kNBj1zkbMXtHVH29bBriQygMXqoVQOQYA+ISs0/2l3T9/kj42ow2mpqerRBxDJnmkUDCaQT/dfNXWX/ZZCQ=="
    },
    "@esbuild/linux-arm64@0.21.5": {
      "integrity": "sha512-ibKvmyYzKsBeX8d8I7MH/TMfWDXBF3db4qM6sy+7re0YXya+K1cem3on9XgdT2EQGMu4hQyZhan7TeQ8XkGp4Q=="
    },
    "@esbuild/linux-arm@0.21.5": {
      "integrity": "sha512-bPb5AHZtbeNGjCKVZ9UGqGwo8EUu4cLq68E95A53KlxAPRmUyYv2D6F0uUI65XisGOL1hBP5mTronbgo+0bFcA=="
    },
    "@esbuild/linux-ia32@0.21.5": {
      "integrity": "sha512-YvjXDqLRqPDl2dvRODYmmhz4rPeVKYvppfGYKSNGdyZkA01046pLWyRKKI3ax8fbJoK5QbxblURkwK/MWY18Tg=="
    },
    "@esbuild/linux-loong64@0.21.5": {
      "integrity": "sha512-uHf1BmMG8qEvzdrzAqg2SIG/02+4/DHB6a9Kbya0XDvwDEKCoC8ZRWI5JJvNdUjtciBGFQ5PuBlpEOXQj+JQSg=="
    },
    "@esbuild/linux-mips64el@0.21.5": {
      "integrity": "sha512-IajOmO+KJK23bj52dFSNCMsz1QP1DqM6cwLUv3W1QwyxkyIWecfafnI555fvSGqEKwjMXVLokcV5ygHW5b3Jbg=="
    },
    "@esbuild/linux-ppc64@0.21.5": {
      "integrity": "sha512-1hHV/Z4OEfMwpLO8rp7CvlhBDnjsC3CttJXIhBi+5Aj5r+MBvy4egg7wCbe//hSsT+RvDAG7s81tAvpL2XAE4w=="
    },
    "@esbuild/linux-riscv64@0.21.5": {
      "integrity": "sha512-2HdXDMd9GMgTGrPWnJzP2ALSokE/0O5HhTUvWIbD3YdjME8JwvSCnNGBnTThKGEB91OZhzrJ4qIIxk/SBmyDDA=="
    },
    "@esbuild/linux-s390x@0.21.5": {
      "integrity": "sha512-zus5sxzqBJD3eXxwvjN1yQkRepANgxE9lgOW2qLnmr8ikMTphkjgXu1HR01K4FJg8h1kEEDAqDcZQtbrRnB41A=="
    },
    "@esbuild/linux-x64@0.21.5": {
      "integrity": "sha512-1rYdTpyv03iycF1+BhzrzQJCdOuAOtaqHTWJZCWvijKD2N5Xu0TtVC8/+1faWqcP9iBCWOmjmhoH94dH82BxPQ=="
    },
    "@esbuild/netbsd-x64@0.21.5": {
      "integrity": "sha512-Woi2MXzXjMULccIwMnLciyZH4nCIMpWQAs049KEeMvOcNADVxo0UBIQPfSmxB3CWKedngg7sWZdLvLczpe0tLg=="
    },
    "@esbuild/openbsd-x64@0.21.5": {
      "integrity": "sha512-HLNNw99xsvx12lFBUwoT8EVCsSvRNDVxNpjZ7bPn947b8gJPzeHWyNVhFsaerc0n3TsbOINvRP2byTZ5LKezow=="
    },
    "@esbuild/sunos-x64@0.21.5": {
      "integrity": "sha512-6+gjmFpfy0BHU5Tpptkuh8+uw3mnrvgs+dSPQXQOv3ekbordwnzTVEb4qnIvQcYXq6gzkyTnoZ9dZG+D4garKg=="
    },
    "@esbuild/win32-arm64@0.21.5": {
      "integrity": "sha512-Z0gOTd75VvXqyq7nsl93zwahcTROgqvuAcYDUr+vOv8uHhNSKROyU961kgtCD1e95IqPKSQKH7tBTslnS3tA8A=="
    },
    "@esbuild/win32-ia32@0.21.5": {
      "integrity": "sha512-SWXFF1CL2RVNMaVs+BBClwtfZSvDgtL//G/smwAc5oVK/UPu2Gu9tIaRgFmYFFKrmg3SyAjSrElf0TiJ1v8fYA=="
    },
    "@esbuild/win32-x64@0.21.5": {
      "integrity": "sha512-tQd/1efJuzPC6rCFwEvLtci/xNFcTZknmXs98FYDfGE4wP9ClFV98nyKrzJKVPMhdDnjzLhdUyMX4PsQAPjwIw=="
    },
    "@jridgewell/sourcemap-codec@1.5.0": {
      "integrity": "sha512-gv3ZRaISU3fjPAgNsriBRqGWQL6quFx04YMPW/zD8XMLsU32mhCCbfbO6KZFLjvYpCZ8zyDEgqsgf+PwPaM7GQ=="
    },
    "@rollup/rollup-android-arm-eabi@4.27.2": {
      "integrity": "sha512-Tj+j7Pyzd15wAdSJswvs5CJzJNV+qqSUcr/aCD+jpQSBtXvGnV0pnrjoc8zFTe9fcKCatkpFpOO7yAzpO998HA=="
    },
    "@rollup/rollup-android-arm64@4.27.2": {
      "integrity": "sha512-xsPeJgh2ThBpUqlLgRfiVYBEf/P1nWlWvReG+aBWfNv3XEBpa6ZCmxSVnxJgLgkNz4IbxpLy64h2gCmAAQLneQ=="
    },
    "@rollup/rollup-darwin-arm64@4.27.2": {
      "integrity": "sha512-KnXU4m9MywuZFedL35Z3PuwiTSn/yqRIhrEA9j+7OSkji39NzVkgxuxTYg5F8ryGysq4iFADaU5osSizMXhU2A=="
    },
    "@rollup/rollup-darwin-x64@4.27.2": {
      "integrity": "sha512-Hj77A3yTvUeCIx/Vi+4d4IbYhyTwtHj07lVzUgpUq9YpJSEiGJj4vXMKwzJ3w5zp5v3PFvpJNgc/J31smZey6g=="
    },
    "@rollup/rollup-freebsd-arm64@4.27.2": {
      "integrity": "sha512-RjgKf5C3xbn8gxvCm5VgKZ4nn0pRAIe90J0/fdHUsgztd3+Zesb2lm2+r6uX4prV2eUByuxJNdt647/1KPRq5g=="
    },
    "@rollup/rollup-freebsd-x64@4.27.2": {
      "integrity": "sha512-duq21FoXwQtuws+V9H6UZ+eCBc7fxSpMK1GQINKn3fAyd9DFYKPJNcUhdIKOrMFjLEJgQskoMoiuizMt+dl20g=="
    },
    "@rollup/rollup-linux-arm-gnueabihf@4.27.2": {
      "integrity": "sha512-6npqOKEPRZkLrMcvyC/32OzJ2srdPzCylJjiTJT2c0bwwSGm7nz2F9mNQ1WrAqCBZROcQn91Fno+khFhVijmFA=="
    },
    "@rollup/rollup-linux-arm-musleabihf@4.27.2": {
      "integrity": "sha512-V9Xg6eXtgBtHq2jnuQwM/jr2mwe2EycnopO8cbOvpzFuySCGtKlPCI3Hj9xup/pJK5Q0388qfZZy2DqV2J8ftw=="
    },
    "@rollup/rollup-linux-arm64-gnu@4.27.2": {
      "integrity": "sha512-uCFX9gtZJoQl2xDTpRdseYuNqyKkuMDtH6zSrBTA28yTfKyjN9hQ2B04N5ynR8ILCoSDOrG/Eg+J2TtJ1e/CSA=="
    },
    "@rollup/rollup-linux-arm64-musl@4.27.2": {
      "integrity": "sha512-/PU9P+7Rkz8JFYDHIi+xzHabOu9qEWR07L5nWLIUsvserrxegZExKCi2jhMZRd0ATdboKylu/K5yAXbp7fYFvA=="
    },
    "@rollup/rollup-linux-powerpc64le-gnu@4.27.2": {
      "integrity": "sha512-eCHmol/dT5odMYi/N0R0HC8V8QE40rEpkyje/ZAXJYNNoSfrObOvG/Mn+s1F/FJyB7co7UQZZf6FuWnN6a7f4g=="
    },
    "@rollup/rollup-linux-riscv64-gnu@4.27.2": {
      "integrity": "sha512-DEP3Njr9/ADDln3kNi76PXonLMSSMiCir0VHXxmGSHxCxDfQ70oWjHcJGfiBugzaqmYdTC7Y+8Int6qbnxPBIQ=="
    },
    "@rollup/rollup-linux-s390x-gnu@4.27.2": {
      "integrity": "sha512-NHGo5i6IE/PtEPh5m0yw5OmPMpesFnzMIS/lzvN5vknnC1sXM5Z/id5VgcNPgpD+wHmIcuYYgW+Q53v+9s96lQ=="
    },
    "@rollup/rollup-linux-x64-gnu@4.27.2": {
      "integrity": "sha512-PaW2DY5Tan+IFvNJGHDmUrORadbe/Ceh8tQxi8cmdQVCCYsLoQo2cuaSj+AU+YRX8M4ivS2vJ9UGaxfuNN7gmg=="
    },
    "@rollup/rollup-linux-x64-musl@4.27.2": {
      "integrity": "sha512-dOlWEMg2gI91Qx5I/HYqOD6iqlJspxLcS4Zlg3vjk1srE67z5T2Uz91yg/qA8sY0XcwQrFzWWiZhMNERylLrpQ=="
    },
    "@rollup/rollup-win32-arm64-msvc@4.27.2": {
      "integrity": "sha512-euMIv/4x5Y2/ImlbGl88mwKNXDsvzbWUlT7DFky76z2keajCtcbAsN9LUdmk31hAoVmJJYSThgdA0EsPeTr1+w=="
    },
    "@rollup/rollup-win32-ia32-msvc@4.27.2": {
      "integrity": "sha512-RsnE6LQkUHlkC10RKngtHNLxb7scFykEbEwOFDjr3CeCMG+Rr+cKqlkKc2/wJ1u4u990urRHCbjz31x84PBrSQ=="
    },
    "@rollup/rollup-win32-x64-msvc@4.27.2": {
      "integrity": "sha512-foJM5vv+z2KQmn7emYdDLyTbkoO5bkHZE1oth2tWbQNGW7mX32d46Hz6T0MqXdWS2vBZhaEtHqdy9WYwGfiliA=="
    },
    "@types/estree@1.0.6": {
      "integrity": "sha512-AYnb1nQyY49te+VRAVgmzfcgjYS91mY5P0TKUDCLEM+gNnA+3T6rWITXRLYCpahpqSQbN5cE+gHpnPyXjHWxcw=="
    },
    "@vitejs/plugin-vue@5.2.0_vite@5.4.11_vue@3.5.13": {
      "integrity": "sha512-7n7KdUEtx/7Yl7I/WVAMZ1bEb0eVvXF3ummWTeLcs/9gvo9pJhuLdouSXGjdZ/MKD1acf1I272+X0RMua4/R3g==",
      "dependencies": [
        "vite",
        "vue"
      ]
    },
    "@vue/compiler-core@3.5.13": {
      "integrity": "sha512-oOdAkwqUfW1WqpwSYJce06wvt6HljgY3fGeM9NcVA1HaYOij3mZG9Rkysn0OHuyUAGMbEbARIpsG+LPVlBJ5/Q==",
      "dependencies": [
        "@babel/parser",
        "@vue/shared",
        "entities",
        "estree-walker",
        "source-map-js"
      ]
    },
    "@vue/compiler-dom@3.5.13": {
      "integrity": "sha512-ZOJ46sMOKUjO3e94wPdCzQ6P1Lx/vhp2RSvfaab88Ajexs0AHeV0uasYhi99WPaogmBlRHNRuly8xV75cNTMDA==",
      "dependencies": [
        "@vue/compiler-core",
        "@vue/shared"
      ]
    },
    "@vue/compiler-sfc@3.5.13": {
      "integrity": "sha512-6VdaljMpD82w6c2749Zhf5T9u5uLBWKnVue6XWxprDobftnletJ8+oel7sexFfM3qIxNmVE7LSFGTpv6obNyaQ==",
      "dependencies": [
        "@babel/parser",
        "@vue/compiler-core",
        "@vue/compiler-dom",
        "@vue/compiler-ssr",
        "@vue/shared",
        "estree-walker",
        "magic-string",
        "postcss",
        "source-map-js"
      ]
    },
    "@vue/compiler-ssr@3.5.13": {
      "integrity": "sha512-wMH6vrYHxQl/IybKJagqbquvxpWCuVYpoUJfCqFZwa/JY1GdATAQ+TgVtgrwwMZ0D07QhA99rs/EAAWfvG6KpA==",
      "dependencies": [
        "@vue/compiler-dom",
        "@vue/shared"
      ]
    },
    "@vue/reactivity@3.5.13": {
      "integrity": "sha512-NaCwtw8o48B9I6L1zl2p41OHo/2Z4wqYGGIK1Khu5T7yxrn+ATOixn/Udn2m+6kZKB/J7cuT9DbWWhRxqixACg==",
      "dependencies": [
        "@vue/shared"
      ]
    },
    "@vue/runtime-core@3.5.13": {
      "integrity": "sha512-Fj4YRQ3Az0WTZw1sFe+QDb0aXCerigEpw418pw1HBUKFtnQHWzwojaukAs2X/c9DQz4MQ4bsXTGlcpGxU/RCIw==",
      "dependencies": [
        "@vue/reactivity",
        "@vue/shared"
      ]
    },
    "@vue/runtime-dom@3.5.13": {
      "integrity": "sha512-dLaj94s93NYLqjLiyFzVs9X6dWhTdAlEAciC3Moq7gzAc13VJUdCnjjRurNM6uTLFATRHexHCTu/Xp3eW6yoog==",
      "dependencies": [
        "@vue/reactivity",
        "@vue/runtime-core",
        "@vue/shared",
        "csstype"
      ]
    },
    "@vue/server-renderer@3.5.13_vue@3.5.13": {
      "integrity": "sha512-wAi4IRJV/2SAW3htkTlB+dHeRmpTiVIK1OGLWV1yeStVSebSQQOwGwIq0D3ZIoBj2C2qpgz5+vX9iEBkTdk5YA==",
      "dependencies": [
        "@vue/compiler-ssr",
        "@vue/shared",
        "vue"
      ]
    },
    "@vue/shared@3.5.13": {
      "integrity": "sha512-/hnE/qP5ZoGpol0a5mDi45bOd7t3tjYJBjsgCsivow7D48cJeV5l05RD82lPqi7gRiphZM37rnhW1l6ZoCNNnQ=="
    },
    "@vuetify/loader-shared@2.0.3_vue@3.5.13_vuetify@3.7.4__vue@3.5.13__vite-plugin-vuetify@2.0.4___vite@5.4.11___vue@3.5.13___vuetify@3.7.4____vue@3.5.13___vuetify@3.7.4_vite-plugin-vuetify@2.0.4__vite@5.4.11__vue@3.5.13__vuetify@3.7.4___vue@3.5.13__vuetify@3.7.4___vue@3.5.13___vite-plugin-vuetify@2.0.4": {
      "integrity": "sha512-Ss3GC7eJYkp2SF6xVzsT7FAruEmdihmn4OCk2+UocREerlXKWgOKKzTN5PN3ZVN5q05jHHrsNhTuWbhN61Bpdg==",
      "dependencies": [
        "upath",
        "vue",
        "vuetify@3.7.4_vue@3.5.13_vite-plugin-vuetify@2.0.4__vite@5.4.11__vue@3.5.13__vuetify@3.7.4___vue@3.5.13__vuetify@3.7.4___vue@3.5.13___vite-plugin-vuetify@2.0.4"
      ]
    },
    "asynckit@0.4.0": {
      "integrity": "sha512-Oei9OH4tRh0YqU3GxhX79dM/mwVgvbZJaSNaRk+bshkj0S5cfHcgYakreBjrHwatXKbz+IoIdYLxrKim2MjW0Q=="
    },
    "axios@1.7.7": {
      "integrity": "sha512-S4kL7XrjgBmvdGut0sN3yJxqYzrDOnivkBiN0OFs6hLiUam3UPvswUo0kqGyhqUZGEOytHyumEdXsAkgCOUf3Q==",
      "dependencies": [
        "follow-redirects",
        "form-data",
        "proxy-from-env"
      ]
    },
    "combined-stream@1.0.8": {
      "integrity": "sha512-FQN4MRfuJeHf7cBbBMJFXhKSDq+2kAArBlmRBvcvFE5BB1HZKXtSFASDhdlz9zOYwxh8lDdnvmMOe/+5cdoEdg==",
      "dependencies": [
        "delayed-stream"
      ]
    },
    "csstype@3.1.3": {
      "integrity": "sha512-M1uQkMl8rQK/szD0LNhtqxIPLpimGm8sOBwU7lLnCpSbTyY3yeU1Vc7l4KT5zT4s/yOxHH5O7tIuuLOCnLADRw=="
    },
    "debug@4.3.7": {
      "integrity": "sha512-Er2nc/H7RrMXZBFCEim6TCmMk02Z8vLC2Rbi1KEBggpo0fS6l0S1nnapwmIi3yW/+GOJap1Krg4w0Hg80oCqgQ==",
      "dependencies": [
        "ms"
      ]
    },
    "delayed-stream@1.0.0": {
      "integrity": "sha512-ZySD7Nf91aLB0RxL4KGrKHBXl7Eds1DAmEdcoVawXnLD7SDhpNgtuII2aAkg7a7QS41jxPSZ17p4VdGnMHk3MQ=="
    },
    "entities@4.5.0": {
      "integrity": "sha512-V0hjH4dGPh9Ao5p0MoRY6BVqtwCjhz6vI5LT8AJ55H+4g9/4vbHx1I54fS0XuclLhDHArPQCiMjDxjaL8fPxhw=="
    },
    "esbuild@0.21.5": {
      "integrity": "sha512-mg3OPMV4hXywwpoDxu3Qda5xCKQi+vCTZq8S9J/EpkhB2HzKXq4SNFZE3+NK93JYxc8VMSep+lOUSC/RVKaBqw==",
      "dependencies": [
        "@esbuild/aix-ppc64",
        "@esbuild/android-arm",
        "@esbuild/android-arm64",
        "@esbuild/android-x64",
        "@esbuild/darwin-arm64",
        "@esbuild/darwin-x64",
        "@esbuild/freebsd-arm64",
        "@esbuild/freebsd-x64",
        "@esbuild/linux-arm",
        "@esbuild/linux-arm64",
        "@esbuild/linux-ia32",
        "@esbuild/linux-loong64",
        "@esbuild/linux-mips64el",
        "@esbuild/linux-ppc64",
        "@esbuild/linux-riscv64",
        "@esbuild/linux-s390x",
        "@esbuild/linux-x64",
        "@esbuild/netbsd-x64",
        "@esbuild/openbsd-x64",
        "@esbuild/sunos-x64",
        "@esbuild/win32-arm64",
        "@esbuild/win32-ia32",
        "@esbuild/win32-x64"
      ]
    },
    "estree-walker@2.0.2": {
      "integrity": "sha512-Rfkk/Mp/DL7JVje3u18FxFujQlTNR2q6QfMSMB7AvCBx91NGj/ba3kCfza0f6dVDbw7YlRf/nDrn7pQrCCyQ/w=="
    },
    "follow-redirects@1.15.9": {
      "integrity": "sha512-gew4GsXizNgdoRyqmyfMHyAmXsZDk6mHkSxZFCzW9gwlbtOW44CDtYavM+y+72qD/Vq2l550kMF52DT8fOLJqQ=="
    },
    "form-data@4.0.1": {
      "integrity": "sha512-tzN8e4TX8+kkxGPK8D5u0FNmjPUjw3lwC9lSLxxoB/+GtsJG91CO8bSWy73APlgAZzZbXEYZJuxjkHH2w+Ezhw==",
      "dependencies": [
        "asynckit",
        "combined-stream",
        "mime-types"
      ]
    },
    "fsevents@2.3.3": {
      "integrity": "sha512-5xoDfX+fL7faATnagmWPpbFtwh/R77WmMMqqHGS65C3vvB0YHrgF+B1YmZ3441tMj5n63k0212XNoJwzlhffQw=="
    },
    "magic-string@0.30.12": {
      "integrity": "sha512-Ea8I3sQMVXr8JhN4z+H/d8zwo+tYDgHE9+5G4Wnrwhs0gaK9fXTKx0Tw5Xwsd/bCPTTZNRAdpyzvoeORe9LYpw==",
      "dependencies": [
        "@jridgewell/sourcemap-codec"
      ]
    },
    "mime-db@1.52.0": {
      "integrity": "sha512-sPU4uV7dYlvtWJxwwxHD0PuihVNiE7TyAbQ5SWxDCB9mUYvOgroQOwYQQOKPJ8CIbE+1ETVlOoK1UC2nU3gYvg=="
    },
    "mime-types@2.1.35": {
      "integrity": "sha512-ZDY+bPm5zTTF+YpCrAU9nK0UgICYPT0QtT1NZWFv4s++TNkcgVaT0g6+4R2uI4MjQjzysHB1zxuWL50hzaeXiw==",
      "dependencies": [
        "mime-db"
      ]
    },
    "ms@2.1.3": {
      "integrity": "sha512-6FlzubTLZG3J2a/NVCAleEhjzq5oxgHyaCU9yYXvcLsvoVaHJq/s5xXI6/XXP6tz7R9xAOtHnSO/tXtF3WRTlA=="
    },
    "nanoid@3.3.7": {
      "integrity": "sha512-eSRppjcPIatRIMC1U6UngP8XFcz8MQWGQdt1MTBQ7NaAmvXDfvNxbvWV3x2y6CdEUciCSsDHDQZbhYaB8QEo2g=="
    },
    "picocolors@1.1.1": {
      "integrity": "sha512-xceH2snhtb5M9liqDsmEw56le376mTZkEX/jEb/RxNFyegNul7eNslCXP9FDj/Lcu0X8KEyMceP2ntpaHrDEVA=="
    },
    "postcss@8.4.49": {
      "integrity": "sha512-OCVPnIObs4N29kxTjzLfUryOkvZEq+pf8jTF0lg8E7uETuWHA+v7j3c/xJmiqpX450191LlmZfUKkXxkTry7nA==",
      "dependencies": [
        "nanoid",
        "picocolors",
        "source-map-js"
      ]
    },
    "proxy-from-env@1.1.0": {
      "integrity": "sha512-D+zkORCbA9f1tdWRK0RaCR3GPv50cMxcrz4X8k5LTSUD1Dkw47mKJEZQNunItRTkWwgtaUSo1RVFRIG9ZXiFYg=="
    },
    "rollup@4.27.2": {
      "integrity": "sha512-KreA+PzWmk2yaFmZVwe6GB2uBD86nXl86OsDkt1bJS9p3vqWuEQ6HnJJ+j/mZi/q0920P99/MVRlB4L3crpF5w==",
      "dependencies": [
        "@rollup/rollup-android-arm-eabi",
        "@rollup/rollup-android-arm64",
        "@rollup/rollup-darwin-arm64",
        "@rollup/rollup-darwin-x64",
        "@rollup/rollup-freebsd-arm64",
        "@rollup/rollup-freebsd-x64",
        "@rollup/rollup-linux-arm-gnueabihf",
        "@rollup/rollup-linux-arm-musleabihf",
        "@rollup/rollup-linux-arm64-gnu",
        "@rollup/rollup-linux-arm64-musl",
        "@rollup/rollup-linux-powerpc64le-gnu",
        "@rollup/rollup-linux-riscv64-gnu",
        "@rollup/rollup-linux-s390x-gnu",
        "@rollup/rollup-linux-x64-gnu",
        "@rollup/rollup-linux-x64-musl",
        "@rollup/rollup-win32-arm64-msvc",
        "@rollup/rollup-win32-ia32-msvc",
        "@rollup/rollup-win32-x64-msvc",
        "@types/estree",
        "fsevents"
      ]
    },
    "source-map-js@1.2.1": {
      "integrity": "sha512-UXWMKhLOwVKb728IUtQPXxfYU+usdybtUrK/8uGE8CQMvrhOpwvzDBwj0QhSL7MQc7vIsISBG8VQ8+IDQxpfQA=="
    },
    "upath@2.0.1": {
      "integrity": "sha512-1uEe95xksV1O0CYKXo8vQvN1JEbtJp7lb7C5U9HMsIp6IVwntkH/oNUzyVNQSd4S1sYk2FpSSW44FqMc8qee5w=="
    },
    "vite-plugin-vuetify@2.0.4_vite@5.4.11_vue@3.5.13_vuetify@3.7.4__vue@3.5.13_vuetify@3.7.4__vue@3.5.13__vite-plugin-vuetify@2.0.4": {
      "integrity": "sha512-A4cliYUoP/u4AWSRVRvAPKgpgR987Pss7LpFa7s1GvOe8WjgDq92Rt3eVXrvgxGCWvZsPKziVqfHHdCMqeDhfw==",
      "dependencies": [
        "@vuetify/loader-shared",
        "debug",
        "upath",
        "vite",
        "vue",
        "vuetify@3.7.4_vue@3.5.13_vite-plugin-vuetify@2.0.4__vite@5.4.11__vue@3.5.13__vuetify@3.7.4___vue@3.5.13__vuetify@3.7.4"
      ]
    },
    "vite@5.4.11": {
      "integrity": "sha512-c7jFQRklXua0mTzneGW9QVyxFjUgwcihC4bXEtujIo2ouWCe1Ajt/amn2PCxYnhYfd5k09JX3SB7OYWFKYqj8Q==",
      "dependencies": [
        "esbuild",
        "fsevents",
        "postcss",
        "rollup"
      ]
    },
    "vue@3.5.13": {
      "integrity": "sha512-wmeiSMxkZCSc+PM2w2VRsOYAZC8GdipNFRTsLSfodVqI9mbejKeXEGr8SckuLnrQPGe3oJN5c3K0vpoU9q/wCQ==",
      "dependencies": [
        "@vue/compiler-dom",
        "@vue/compiler-sfc",
        "@vue/runtime-dom",
        "@vue/server-renderer",
        "@vue/shared"
      ]
    },
    "vuetify@3.7.4_vue@3.5.13": {
      "integrity": "sha512-Y8UU5wUDQXC3oz2uumPb8IOdvB4XMCxtxnmqdOc+LihNuPlkSgxIwf92ndRzbOtJFKHsggFUxpyLqpQp+A+5kg==",
      "dependencies": [
        "vue"
      ]
    },
    "vuetify@3.7.4_vue@3.5.13_vite-plugin-vuetify@2.0.4__vite@5.4.11__vue@3.5.13__vuetify@3.7.4___vue@3.5.13__vuetify@3.7.4": {
      "integrity": "sha512-Y8UU5wUDQXC3oz2uumPb8IOdvB4XMCxtxnmqdOc+LihNuPlkSgxIwf92ndRzbOtJFKHsggFUxpyLqpQp+A+5kg==",
      "dependencies": [
        "vite-plugin-vuetify",
        "vue"
      ]
    },
    "vuetify@3.7.4_vue@3.5.13_vite-plugin-vuetify@2.0.4__vite@5.4.11__vue@3.5.13__vuetify@3.7.4___vue@3.5.13__vuetify@3.7.4___vue@3.5.13___vite-plugin-vuetify@2.0.4": {
      "integrity": "sha512-Y8UU5wUDQXC3oz2uumPb8IOdvB4XMCxtxnmqdOc+LihNuPlkSgxIwf92ndRzbOtJFKHsggFUxpyLqpQp+A+5kg==",
      "dependencies": [
        "vite-plugin-vuetify",
        "vue"
      ]
    }
  },
  "workspace": {
    "dependencies": [
      "npm:@deno/vite-plugin@1",
      "npm:@vitejs/plugin-vue@^5.1.4",
      "npm:axios@^1.7.7",
      "npm:vite-plugin-vuetify@^2.0.4",
      "npm:vite@^5.4.9",
      "npm:vue@^3.5.12",
      "npm:vuetify@^3.7.4"
    ]
  }
}
